PODS:
  - barcode_scan (0.0.1):
    - Flutter
    - MTBBarcodeScanner
    - SwiftProtobuf
  - connectivity (0.0.1):
    - Flutter
    - Reachability
  - connectivity_macos (0.0.1):
    - Flutter
  - core_log (0.0.1):
    - Flutter
    - SwiftyJSON (~> 4.0)
  - dsBridge (3.0.6)
  - Flutter (1.0.0)
  - flutter_plugin_android_lifecycle (0.0.1):
    - Flutter
  - fluttertoast (0.0.2):
    - Flutter
  - FMDB (2.7.5):
    - FMDB/standard (= 2.7.5)
  - FMDB/standard (2.7.5)
  - google_maps_flutter (0.0.1):
    - Flutter
    - GoogleMaps
  - GoogleMaps (3.4.0):
    - GoogleMaps/Maps (= 3.4.0)
  - GoogleMaps/Base (3.4.0)
  - GoogleMaps/Maps (3.4.0):
    - GoogleMaps/Base
  - image_picker (0.0.1):
    - Flutter
  - Masonry (1.1.0)
  - MTBBarcodeScanner (5.0.11)
  - native_system_default_config (0.0.1):
    - Flutter
  - permission_handler (3.3.0):
    - Flutter
  - Reachability (3.2)
  - shared_preferences (0.0.1):
    - Flutter
  - sqflite (0.0.1):
    - Flutter
    - FMDB (~> 2.7.2)
  - SwiftProtobuf (1.6.0)
  - SwiftyJSON (4.3.0)
  - video_player (0.0.1):
    - Flutter
  - video_player_web (0.0.1):
    - Flutter
  - webview_flutter (0.0.1):
    - Flutter

DEPENDENCIES:
  - barcode_scan (from `.symlinks/plugins/barcode_scan/ios`)
  - connectivity (from `.symlinks/plugins/connectivity/ios`)
  - connectivity_macos (from `.symlinks/plugins/connectivity_macos/ios`)
  - core_log (from `.symlinks/plugins/core_log/ios`)
  - dsBridge
  - Flutter (from `Flutter`)
  - flutter_plugin_android_lifecycle (from `.symlinks/plugins/flutter_plugin_android_lifecycle/ios`)
  - fluttertoast (from `.symlinks/plugins/fluttertoast/ios`)
  - google_maps_flutter (from `.symlinks/plugins/google_maps_flutter/ios`)
  - image_picker (from `.symlinks/plugins/image_picker/ios`)
  - Masonry
  - native_system_default_config (from `.symlinks/plugins/native_system_default_config/ios`)
  - permission_handler (from `.symlinks/plugins/permission_handler/ios`)
  - shared_preferences (from `.symlinks/plugins/shared_preferences/ios`)
  - sqflite (from `.symlinks/plugins/sqflite/ios`)
  - video_player (from `.symlinks/plugins/video_player/ios`)
  - video_player_web (from `.symlinks/plugins/video_player_web/ios`)
  - webview_flutter (from `.symlinks/plugins/webview_flutter/ios`)

SPEC REPOS:
  https://github.com/CocoaPods/Specs.git:
    - dsBridge
    - FMDB
    - GoogleMaps
    - Masonry
    - MTBBarcodeScanner
    - Reachability
    - SwiftProtobuf
    - SwiftyJSON

EXTERNAL SOURCES:
  barcode_scan:
    :path: ".symlinks/plugins/barcode_scan/ios"
  connectivity:
    :path: ".symlinks/plugins/connectivity/ios"
  connectivity_macos:
    :path: ".symlinks/plugins/connectivity_macos/ios"
  core_log:
    :path: ".symlinks/plugins/core_log/ios"
  Flutter:
    :path: Flutter
  flutter_plugin_android_lifecycle:
    :path: ".symlinks/plugins/flutter_plugin_android_lifecycle/ios"
  fluttertoast:
    :path: ".symlinks/plugins/fluttertoast/ios"
  google_maps_flutter:
    :path: ".symlinks/plugins/google_maps_flutter/ios"
  image_picker:
    :path: ".symlinks/plugins/image_picker/ios"
  native_system_default_config:
    :path: ".symlinks/plugins/native_system_default_config/ios"
  permission_handler:
    :path: ".symlinks/plugins/permission_handler/ios"
  shared_preferences:
    :path: ".symlinks/plugins/shared_preferences/ios"
  sqflite:
    :path: ".symlinks/plugins/sqflite/ios"
  video_player:
    :path: ".symlinks/plugins/video_player/ios"
  video_player_web:
    :path: ".symlinks/plugins/video_player_web/ios"
  webview_flutter:
    :path: ".symlinks/plugins/webview_flutter/ios"

SPEC CHECKSUMS:
  barcode_scan: 6c743baec90b9cc0646e42f59877bd9eb24e29fb
  connectivity: c4130b2985d4ef6fd26f9702e886bd5260681467
  connectivity_macos: e2e9731b6b22dda39eb1b128f6969d574460e191
  core_log: 07e69ea4bc30b5667324e589c5ae6053a72a7287
  dsBridge: 48b62ee8a411ad601a88d6f6c8cf6cb634b206b7
  Flutter: 0e3d915762c693b495b44d77113d4970485de6ec
  flutter_plugin_android_lifecycle: dc0b544e129eebb77a6bfb1239d4d1c673a60a35
  fluttertoast: b644586ef3b16f67fae9a1f8754cef6b2d6b634b
  FMDB: 2ce00b547f966261cd18927a3ddb07cb6f3db82a
  google_maps_flutter: 924970f41ec509a201b593548db005efb2a09ee9
  GoogleMaps: 67f4a604f80dd6a22d09c2a507a3a395b9f23060
  image_picker: 66aa71bc96850a90590a35d4c4a2907b0d823109
  Masonry: 678fab65091a9290e40e2832a55e7ab731aad201
  MTBBarcodeScanner: f453b33c4b7dfe545d8c6484ed744d55671788cb
  native_system_default_config: a3b4fb4d6923ca54ddf99ce89b4f32120bf02569
  permission_handler: 67637977b227d62d46bfbf524f335f8568de5a73
  Reachability: 33e18b67625424e47b6cde6d202dce689ad7af96
  shared_preferences: 1feebfa37bb57264736e16865e7ffae7fc99b523
  sqflite: 4001a31ff81d210346b500c55b17f4d6c7589dd0
  SwiftProtobuf: e905ca1366405696411aaf174411c4b19c0ef73d
  SwiftyJSON: 6faa0040f8b59dead0ee07436cbf76b73c08fd08
  video_player: 69c5f029fac4ffe4fc8a85ea7f7b793709661549
  video_player_web: da8cadb8274ed4f8dbee8d7171b420dedd437ce7
  webview_flutter: d2b4d6c66968ad042ad94cbb791f5b72b4678a96

PODFILE CHECKSUM: 9b6c9e5627d7ddc3b4cf21687a91039f525f3a7e

COCOAPODS: 1.8.4
