PODS:
  - Flutter (1.0.0)
  - native_system_default_config (0.0.1):
    - Flutter

DEPENDENCIES:
  - Flutter (from `Flutter`)
  - native_system_default_config (from `.symlinks/plugins/native_system_default_config/ios`)

EXTERNAL SOURCES:
  Flutter:
    :path: Flutter
  native_system_default_config:
    :path: ".symlinks/plugins/native_system_default_config/ios"

SPEC CHECKSUMS:
  Flutter: 0e3d915762c693b495b44d77113d4970485de6ec
  native_system_default_config: a3b4fb4d6923ca54ddf99ce89b4f32120bf02569

PODFILE CHECKSUM: 1b66dae606f75376c5f2135a8290850eeb09ae83

COCOAPODS: 1.8.4
